
Microsoft Visual Studio Solution File, Format Version 12.00
# Visual Studio Version 17
VisualStudioVersion = 17.5.33414.496
MinimumVisualStudioVersion = 10.0.40219.1
Project("{FAE04EC0-301F-11D3-BF4B-00C04F79EFBC}") = "SelcukMehmetTuncer", "SelcukMehmetTuncer.csproj", "{331D53A6-6BB4-4FF8-85BC-68296320808A}"
EndProject
Global
	GlobalSection(SolutionConfigurationPlatforms) = preSolution
		Debug|Any CPU = Debug|Any CPU
		Release|Any CPU = Release|Any CPU
	EndGlobalSection
	GlobalSection(ProjectConfigurationPlatforms) = postSolution
		{331D53A6-6BB4-4FF8-85BC-68296320808A}.Debug|Any CPU.ActiveCfg = Debug|Any CPU
		{331D53A6-6BB4-4FF8-85BC-68296320808A}.Debug|Any CPU.Build.0 = Debug|Any CPU
		{331D53A6-6BB4-4FF8-85BC-68296320808A}.Release|Any CPU.ActiveCfg = Release|Any CPU
		{331D53A6-6BB4-4FF8-85BC-68296320808A}.Release|Any CPU.Build.0 = Release|Any CPU
	EndGlobalSection
	GlobalSection(SolutionProperties) = preSolution
		HideSolutionNode = FALSE
	EndGlobalSection
	GlobalSection(ExtensibilityGlobals) = postSolution
		SolutionGuid = {66C6073E-0B0C-4F77-8455-81E11CD70459}
	EndGlobalSection
EndGlobal
